// !$*UTF8*$!
{
	archiveVersion = 1;
	classes = {
	};
	objectVersion = 48;
	objects = {

/* Begin PBXBuildFile section */
		0D753884B6E469DEFB8EFD9E /* Pods_MAladaUITests.framework in Frameworks */ = {isa = PBXBuildFile; fileRef = 701C0C0D5524175E1DB75455 /* Pods_MAladaUITests.framework */; };
		0F250DC31FBB48C90060F09D /* DeleteCell.swift in Sources */ = {isa = PBXBuildFile; fileRef = 0F250DC21FBB48C90060F09D /* DeleteCell.swift */; };
		0F250DC61FBB56470060F09D /* ImageVC.swift in Sources */ = {isa = PBXBuildFile; fileRef = 0F250DC51FBB56470060F09D /* ImageVC.swift */; };
		0F250DC81FBB596B0060F09D /* CommonMethod.swift in Sources */ = {isa = PBXBuildFile; fileRef = 0F250DC71FBB596B0060F09D /* CommonMethod.swift */; };
		0F630CD71FB9F18A0003828C /* User.swift in Sources */ = {isa = PBXBuildFile; fileRef = 0F630CD61FB9F18A0003828C /* User.swift */; };
		0F630CD91FB9F9A00003828C /* Photo.swift in Sources */ = {isa = PBXBuildFile; fileRef = 0F630CD81FB9F9A00003828C /* Photo.swift */; };
		0F630CE61FBA082A0003828C /* CustomSideMenuController.swift in Sources */ = {isa = PBXBuildFile; fileRef = 0F630CE51FBA082A0003828C /* CustomSideMenuController.swift */; };
		0F630CE71FBA08840003828C /* SideMenuController.framework in Frameworks */ = {isa = PBXBuildFile; fileRef = 0F630CE11FBA07EA0003828C /* SideMenuController.framework */; };
		0F630CE81FBA08890003828C /* SideMenuController.framework in Frameworks */ = {isa = PBXBuildFile; fileRef = 0F630CE11FBA07EA0003828C /* SideMenuController.framework */; };
		0F630CE91FBA08890003828C /* SideMenuController.framework in Embed Frameworks */ = {isa = PBXBuildFile; fileRef = 0F630CE11FBA07EA0003828C /* SideMenuController.framework */; settings = {ATTRIBUTES = (CodeSignOnCopy, RemoveHeadersOnCopy, ); }; };
		0F630CEE1FBA09FD0003828C /* FeaturedImagesVC.swift in Sources */ = {isa = PBXBuildFile; fileRef = 0F630CED1FBA09FD0003828C /* FeaturedImagesVC.swift */; };
		0F630CF01FBA0A340003828C /* MenuVC.swift in Sources */ = {isa = PBXBuildFile; fileRef = 0F630CEF1FBA0A340003828C /* MenuVC.swift */; };
		0F630CF21FBA0E0C0003828C /* DeleteVC.swift in Sources */ = {isa = PBXBuildFile; fileRef = 0F630CF11FBA0E0C0003828C /* DeleteVC.swift */; };
		0F630CF41FBA14340003828C /* InsertVC.swift in Sources */ = {isa = PBXBuildFile; fileRef = 0F630CF31FBA14340003828C /* InsertVC.swift */; };
		0F630CF61FBA191D0003828C /* FeaturedImages.swift in Sources */ = {isa = PBXBuildFile; fileRef = 0F630CF51FBA191D0003828C /* FeaturedImages.swift */; };
		5D9146E11F908478003A9FCD /* AppDelegate.swift in Sources */ = {isa = PBXBuildFile; fileRef = 5D9146E01F908478003A9FCD /* AppDelegate.swift */; };
		5D9146E31F908478003A9FCD /* ViewController.swift in Sources */ = {isa = PBXBuildFile; fileRef = 5D9146E21F908478003A9FCD /* ViewController.swift */; };
		5D9146E61F908478003A9FCD /* Main.storyboard in Resources */ = {isa = PBXBuildFile; fileRef = 5D9146E41F908478003A9FCD /* Main.storyboard */; };
		5D9146E91F908478003A9FCD /* MAlada.xcdatamodeld in Sources */ = {isa = PBXBuildFile; fileRef = 5D9146E71F908478003A9FCD /* MAlada.xcdatamodeld */; };
		5D9146EB1F908478003A9FCD /* Assets.xcassets in Resources */ = {isa = PBXBuildFile; fileRef = 5D9146EA1F908478003A9FCD /* Assets.xcassets */; };
		5D9146EE1F908478003A9FCD /* LaunchScreen.storyboard in Resources */ = {isa = PBXBuildFile; fileRef = 5D9146EC1F908478003A9FCD /* LaunchScreen.storyboard */; };
		5D9146F91F908478003A9FCD /* MAladaTests.swift in Sources */ = {isa = PBXBuildFile; fileRef = 5D9146F81F908478003A9FCD /* MAladaTests.swift */; };
		5D9147041F908478003A9FCD /* MAladaUITests.swift in Sources */ = {isa = PBXBuildFile; fileRef = 5D9147031F908478003A9FCD /* MAladaUITests.swift */; };
		5D9147141F90880C003A9FCD /* LoginVC.swift in Sources */ = {isa = PBXBuildFile; fileRef = 5D9147131F90880C003A9FCD /* LoginVC.swift */; };
		5D9147161F908830003A9FCD /* HomeVC.swift in Sources */ = {isa = PBXBuildFile; fileRef = 5D9147151F908830003A9FCD /* HomeVC.swift */; };
		5D91471F1F909367003A9FCD /* HomeCell.swift in Sources */ = {isa = PBXBuildFile; fileRef = 5D91471E1F909367003A9FCD /* HomeCell.swift */; };
		5D9147211F909E27003A9FCD /* DBHelper.swift in Sources */ = {isa = PBXBuildFile; fileRef = 5D9147201F909E27003A9FCD /* DBHelper.swift */; };
		5D9147231F909E59003A9FCD /* ConnectionHelper.swift in Sources */ = {isa = PBXBuildFile; fileRef = 5D9147221F909E59003A9FCD /* ConnectionHelper.swift */; };
		5D9147251F909EA9003A9FCD /* Constants.swift in Sources */ = {isa = PBXBuildFile; fileRef = 5D9147241F909EA9003A9FCD /* Constants.swift */; };
		5D9147271F909F40003A9FCD /* UIColor+KCSColor.swift in Sources */ = {isa = PBXBuildFile; fileRef = 5D9147261F909F40003A9FCD /* UIColor+KCSColor.swift */; };
		5D9147291F909F49003A9FCD /* Validations.swift in Sources */ = {isa = PBXBuildFile; fileRef = 5D9147281F909F49003A9FCD /* Validations.swift */; };
		6A1480AC30F3A2D6DF4304C4 /* Pods_MAladaTests.framework in Frameworks */ = {isa = PBXBuildFile; fileRef = CA93A7ABB4DE9E898BCEDA84 /* Pods_MAladaTests.framework */; };
		DE9438B70796A7E1A71C2180 /* Pods_MAlada.framework in Frameworks */ = {isa = PBXBuildFile; fileRef = CD7F046F386E4B7C5FBBF326 /* Pods_MAlada.framework */; };
/* End PBXBuildFile section */

/* Begin PBXContainerItemProxy section */
		0F630CE01FBA07EA0003828C /* PBXContainerItemProxy */ = {
			isa = PBXContainerItemProxy;
			containerPortal = 0F630CDB1FBA07EA0003828C /* SideMenuController.xcodeproj */;
			proxyType = 2;
			remoteGlobalIDString = 13A757E61D12A2A0004488DA;
			remoteInfo = SideMenuController;
		};
		0F630CE21FBA07EA0003828C /* PBXContainerItemProxy */ = {
			isa = PBXContainerItemProxy;
			containerPortal = 0F630CDB1FBA07EA0003828C /* SideMenuController.xcodeproj */;
			proxyType = 2;
			remoteGlobalIDString = 13A757F01D12A2A0004488DA;
			remoteInfo = SideMenuControllerTests;
		};
		0F630CEA1FBA088A0003828C /* PBXContainerItemProxy */ = {
			isa = PBXContainerItemProxy;
			containerPortal = 0F630CDB1FBA07EA0003828C /* SideMenuController.xcodeproj */;
			proxyType = 1;
			remoteGlobalIDString = 13A757E51D12A2A0004488DA;
			remoteInfo = SideMenuController;
		};
		5D9146F51F908478003A9FCD /* PBXContainerItemProxy */ = {
			isa = PBXContainerItemProxy;
			containerPortal = 5D9146D51F908478003A9FCD /* Project object */;
			proxyType = 1;
			remoteGlobalIDString = 5D9146DC1F908478003A9FCD;
			remoteInfo = MAlada;
		};
		5D9147001F908478003A9FCD /* PBXContainerItemProxy */ = {
			isa = PBXContainerItemProxy;
			containerPortal = 5D9146D51F908478003A9FCD /* Project object */;
			proxyType = 1;
			remoteGlobalIDString = 5D9146DC1F908478003A9FCD;
			remoteInfo = MAlada;
		};
/* End PBXContainerItemProxy section */

/* Begin PBXCopyFilesBuildPhase section */
		0F630CEC1FBA088A0003828C /* Embed Frameworks */ = {
			isa = PBXCopyFilesBuildPhase;
			buildActionMask = 2147483647;
			dstPath = "";
			dstSubfolderSpec = 10;
			files = (
				0F630CE91FBA08890003828C /* SideMenuController.framework in Embed Frameworks */,
			);
			name = "Embed Frameworks";
			runOnlyForDeploymentPostprocessing = 0;
		};
/* End PBXCopyFilesBuildPhase section */

/* Begin PBXFileReference section */
		0A4E5BB71B7B62295F0A49AB /* Pods-MAladaTests.debug.xcconfig */ = {isa = PBXFileReference; includeInIndex = 1; lastKnownFileType = text.xcconfig; name = "Pods-MAladaTests.debug.xcconfig"; path = "Pods/Target Support Files/Pods-MAladaTests/Pods-MAladaTests.debug.xcconfig"; sourceTree = "<group>"; };
		0F250DC21FBB48C90060F09D /* DeleteCell.swift */ = {isa = PBXFileReference; lastKnownFileType = sourcecode.swift; path = DeleteCell.swift; sourceTree = "<group>"; };
		0F250DC51FBB56470060F09D /* ImageVC.swift */ = {isa = PBXFileReference; lastKnownFileType = sourcecode.swift; path = ImageVC.swift; sourceTree = "<group>"; };
		0F250DC71FBB596B0060F09D /* CommonMethod.swift */ = {isa = PBXFileReference; lastKnownFileType = sourcecode.swift; path = CommonMethod.swift; sourceTree = "<group>"; };
		0F630CD61FB9F18A0003828C /* User.swift */ = {isa = PBXFileReference; lastKnownFileType = sourcecode.swift; path = User.swift; sourceTree = "<group>"; };
		0F630CD81FB9F9A00003828C /* Photo.swift */ = {isa = PBXFileReference; lastKnownFileType = sourcecode.swift; path = Photo.swift; sourceTree = "<group>"; };
		0F630CDB1FBA07EA0003828C /* SideMenuController.xcodeproj */ = {isa = PBXFileReference; lastKnownFileType = "wrapper.pb-project"; name = SideMenuController.xcodeproj; path = SideMenu/SideMenuController.xcodeproj; sourceTree = "<group>"; };
		0F630CE51FBA082A0003828C /* CustomSideMenuController.swift */ = {isa = PBXFileReference; lastKnownFileType = sourcecode.swift; path = CustomSideMenuController.swift; sourceTree = "<group>"; };
		0F630CED1FBA09FD0003828C /* FeaturedImagesVC.swift */ = {isa = PBXFileReference; lastKnownFileType = sourcecode.swift; path = FeaturedImagesVC.swift; sourceTree = "<group>"; };
		0F630CEF1FBA0A340003828C /* MenuVC.swift */ = {isa = PBXFileReference; lastKnownFileType = sourcecode.swift; path = MenuVC.swift; sourceTree = "<group>"; };
		0F630CF11FBA0E0C0003828C /* DeleteVC.swift */ = {isa = PBXFileReference; lastKnownFileType = sourcecode.swift; path = DeleteVC.swift; sourceTree = "<group>"; };
		0F630CF31FBA14340003828C /* InsertVC.swift */ = {isa = PBXFileReference; lastKnownFileType = sourcecode.swift; path = InsertVC.swift; sourceTree = "<group>"; };
		0F630CF51FBA191D0003828C /* FeaturedImages.swift */ = {isa = PBXFileReference; lastKnownFileType = sourcecode.swift; path = FeaturedImages.swift; sourceTree = "<group>"; };
		5D9146DD1F908478003A9FCD /* MAlada.app */ = {isa = PBXFileReference; explicitFileType = wrapper.application; includeInIndex = 0; path = MAlada.app; sourceTree = BUILT_PRODUCTS_DIR; };
		5D9146E01F908478003A9FCD /* AppDelegate.swift */ = {isa = PBXFileReference; lastKnownFileType = sourcecode.swift; path = AppDelegate.swift; sourceTree = "<group>"; };
		5D9146E21F908478003A9FCD /* ViewController.swift */ = {isa = PBXFileReference; lastKnownFileType = sourcecode.swift; path = ViewController.swift; sourceTree = "<group>"; };
		5D9146E51F908478003A9FCD /* Base */ = {isa = PBXFileReference; lastKnownFileType = file.storyboard; name = Base; path = Base.lproj/Main.storyboard; sourceTree = "<group>"; };
		5D9146E81F908478003A9FCD /* MAlada.xcdatamodel */ = {isa = PBXFileReference; lastKnownFileType = wrapper.xcdatamodel; path = MAlada.xcdatamodel; sourceTree = "<group>"; };
		5D9146EA1F908478003A9FCD /* Assets.xcassets */ = {isa = PBXFileReference; lastKnownFileType = folder.assetcatalog; path = Assets.xcassets; sourceTree = "<group>"; };
		5D9146ED1F908478003A9FCD /* Base */ = {isa = PBXFileReference; lastKnownFileType = file.storyboard; name = Base; path = Base.lproj/LaunchScreen.storyboard; sourceTree = "<group>"; };
		5D9146EF1F908478003A9FCD /* Info.plist */ = {isa = PBXFileReference; lastKnownFileType = text.plist.xml; path = Info.plist; sourceTree = "<group>"; };
		5D9146F41F908478003A9FCD /* MAladaTests.xctest */ = {isa = PBXFileReference; explicitFileType = wrapper.cfbundle; includeInIndex = 0; path = MAladaTests.xctest; sourceTree = BUILT_PRODUCTS_DIR; };
		5D9146F81F908478003A9FCD /* MAladaTests.swift */ = {isa = PBXFileReference; lastKnownFileType = sourcecode.swift; path = MAladaTests.swift; sourceTree = "<group>"; };
		5D9146FA1F908478003A9FCD /* Info.plist */ = {isa = PBXFileReference; lastKnownFileType = text.plist.xml; path = Info.plist; sourceTree = "<group>"; };
		5D9146FF1F908478003A9FCD /* MAladaUITests.xctest */ = {isa = PBXFileReference; explicitFileType = wrapper.cfbundle; includeInIndex = 0; path = MAladaUITests.xctest; sourceTree = BUILT_PRODUCTS_DIR; };
		5D9147031F908478003A9FCD /* MAladaUITests.swift */ = {isa = PBXFileReference; lastKnownFileType = sourcecode.swift; path = MAladaUITests.swift; sourceTree = "<group>"; };
		5D9147051F908478003A9FCD /* Info.plist */ = {isa = PBXFileReference; lastKnownFileType = text.plist.xml; path = Info.plist; sourceTree = "<group>"; };
		5D9147131F90880C003A9FCD /* LoginVC.swift */ = {isa = PBXFileReference; lastKnownFileType = sourcecode.swift; path = LoginVC.swift; sourceTree = "<group>"; };
		5D9147151F908830003A9FCD /* HomeVC.swift */ = {isa = PBXFileReference; lastKnownFileType = sourcecode.swift; path = HomeVC.swift; sourceTree = "<group>"; };
		5D9147181F909233003A9FCD /* TextField.swift */ = {isa = PBXFileReference; lastKnownFileType = sourcecode.swift; path = TextField.swift; sourceTree = "<group>"; };
		5D91471E1F909367003A9FCD /* HomeCell.swift */ = {isa = PBXFileReference; lastKnownFileType = sourcecode.swift; path = HomeCell.swift; sourceTree = "<group>"; };
		5D9147201F909E27003A9FCD /* DBHelper.swift */ = {isa = PBXFileReference; lastKnownFileType = sourcecode.swift; path = DBHelper.swift; sourceTree = "<group>"; };
		5D9147221F909E59003A9FCD /* ConnectionHelper.swift */ = {isa = PBXFileReference; lastKnownFileType = sourcecode.swift; path = ConnectionHelper.swift; sourceTree = "<group>"; };
		5D9147241F909EA9003A9FCD /* Constants.swift */ = {isa = PBXFileReference; lastKnownFileType = sourcecode.swift; path = Constants.swift; sourceTree = "<group>"; };
		5D9147261F909F40003A9FCD /* UIColor+KCSColor.swift */ = {isa = PBXFileReference; lastKnownFileType = sourcecode.swift; path = "UIColor+KCSColor.swift"; sourceTree = "<group>"; };
		5D9147281F909F49003A9FCD /* Validations.swift */ = {isa = PBXFileReference; lastKnownFileType = sourcecode.swift; path = Validations.swift; sourceTree = "<group>"; };
		66E504EE176C6B224E641652 /* Pods-MAlada.debug.xcconfig */ = {isa = PBXFileReference; includeInIndex = 1; lastKnownFileType = text.xcconfig; name = "Pods-MAlada.debug.xcconfig"; path = "Pods/Target Support Files/Pods-MAlada/Pods-MAlada.debug.xcconfig"; sourceTree = "<group>"; };
		701C0C0D5524175E1DB75455 /* Pods_MAladaUITests.framework */ = {isa = PBXFileReference; explicitFileType = wrapper.framework; includeInIndex = 0; path = Pods_MAladaUITests.framework; sourceTree = BUILT_PRODUCTS_DIR; };
		8B0C9D690EB74871ECB17EE2 /* Pods-MAladaUITests.release.xcconfig */ = {isa = PBXFileReference; includeInIndex = 1; lastKnownFileType = text.xcconfig; name = "Pods-MAladaUITests.release.xcconfig"; path = "Pods/Target Support Files/Pods-MAladaUITests/Pods-MAladaUITests.release.xcconfig"; sourceTree = "<group>"; };
		B05636966316E348DE822817 /* Pods-MAladaTests.release.xcconfig */ = {isa = PBXFileReference; includeInIndex = 1; lastKnownFileType = text.xcconfig; name = "Pods-MAladaTests.release.xcconfig"; path = "Pods/Target Support Files/Pods-MAladaTests/Pods-MAladaTests.release.xcconfig"; sourceTree = "<group>"; };
		CA93A7ABB4DE9E898BCEDA84 /* Pods_MAladaTests.framework */ = {isa = PBXFileReference; explicitFileType = wrapper.framework; includeInIndex = 0; path = Pods_MAladaTests.framework; sourceTree = BUILT_PRODUCTS_DIR; };
		CD7F046F386E4B7C5FBBF326 /* Pods_MAlada.framework */ = {isa = PBXFileReference; explicitFileType = wrapper.framework; includeInIndex = 0; path = Pods_MAlada.framework; sourceTree = BUILT_PRODUCTS_DIR; };
		DE2DCA1A4D9D2701156F0E5A /* Pods-MAladaUITests.debug.xcconfig */ = {isa = PBXFileReference; includeInIndex = 1; lastKnownFileType = text.xcconfig; name = "Pods-MAladaUITests.debug.xcconfig"; path = "Pods/Target Support Files/Pods-MAladaUITests/Pods-MAladaUITests.debug.xcconfig"; sourceTree = "<group>"; };
		F9DE3627367E82EAD0061B49 /* Pods-MAlada.release.xcconfig */ = {isa = PBXFileReference; includeInIndex = 1; lastKnownFileType = text.xcconfig; name = "Pods-MAlada.release.xcconfig"; path = "Pods/Target Support Files/Pods-MAlada/Pods-MAlada.release.xcconfig"; sourceTree = "<group>"; };
/* End PBXFileReference section */

/* Begin PBXFrameworksBuildPhase section */
		5D9146DA1F908478003A9FCD /* Frameworks */ = {
			isa = PBXFrameworksBuildPhase;
			buildActionMask = 2147483647;
			files = (
				0F630CE81FBA08890003828C /* SideMenuController.framework in Frameworks */,
				0F630CE71FBA08840003828C /* SideMenuController.framework in Frameworks */,
				DE9438B70796A7E1A71C2180 /* Pods_MAlada.framework in Frameworks */,
			);
			runOnlyForDeploymentPostprocessing = 0;
		};
		5D9146F11F908478003A9FCD /* Frameworks */ = {
			isa = PBXFrameworksBuildPhase;
			buildActionMask = 2147483647;
			files = (
				6A1480AC30F3A2D6DF4304C4 /* Pods_MAladaTests.framework in Frameworks */,
			);
			runOnlyForDeploymentPostprocessing = 0;
		};
		5D9146FC1F908478003A9FCD /* Frameworks */ = {
			isa = PBXFrameworksBuildPhase;
			buildActionMask = 2147483647;
			files = (
				0D753884B6E469DEFB8EFD9E /* Pods_MAladaUITests.framework in Frameworks */,
			);
			runOnlyForDeploymentPostprocessing = 0;
		};
/* End PBXFrameworksBuildPhase section */

/* Begin PBXGroup section */
		0F630CD51FB9F17C0003828C /* Modal */ = {
			isa = PBXGroup;
			children = (
				0F630CD61FB9F18A0003828C /* User.swift */,
				0F630CD81FB9F9A00003828C /* Photo.swift */,
				0F630CF51FBA191D0003828C /* FeaturedImages.swift */,
			);
			path = Modal;
			sourceTree = "<group>";
		};
		0F630CDC1FBA07EA0003828C /* Products */ = {
			isa = PBXGroup;
			children = (
				0F630CE11FBA07EA0003828C /* SideMenuController.framework */,
				0F630CE31FBA07EA0003828C /* SideMenuControllerTests.xctest */,
			);
			name = Products;
			sourceTree = "<group>";
		};
		0F630CE41FBA080F0003828C /* Sideview */ = {
			isa = PBXGroup;
			children = (
				0F630CE51FBA082A0003828C /* CustomSideMenuController.swift */,
				0F630CEF1FBA0A340003828C /* MenuVC.swift */,
			);
			path = Sideview;
			sourceTree = "<group>";
		};
		5D9146D41F908478003A9FCD = {
			isa = PBXGroup;
			children = (
				0F630CDB1FBA07EA0003828C /* SideMenuController.xcodeproj */,
				5D9146DF1F908478003A9FCD /* MAlada */,
				5D9146F71F908478003A9FCD /* MAladaTests */,
				5D9147021F908478003A9FCD /* MAladaUITests */,
				5D9146DE1F908478003A9FCD /* Products */,
				CCBAAFDBFD8EC8D214592A25 /* Pods */,
				DC38D3BCC59B3D200C83716C /* Frameworks */,
			);
			sourceTree = "<group>";
		};
		5D9146DE1F908478003A9FCD /* Products */ = {
			isa = PBXGroup;
			children = (
				5D9146DD1F908478003A9FCD /* MAlada.app */,
				5D9146F41F908478003A9FCD /* MAladaTests.xctest */,
				5D9146FF1F908478003A9FCD /* MAladaUITests.xctest */,
			);
			name = Products;
			sourceTree = "<group>";
		};
		5D9146DF1F908478003A9FCD /* MAlada */ = {
			isa = PBXGroup;
			children = (
				0F630CE41FBA080F0003828C /* Sideview */,
				0F630CD51FB9F17C0003828C /* Modal */,
				5D91471D1F90933E003A9FCD /* Cell */,
				5D91471B1F9092D9003A9FCD /* DBHelper */,
				5D91471A1F9092D0003A9FCD /* Connection */,
				5D9147191F9092C7003A9FCD /* Helper */,
				5D9147171F909225003A9FCD /* Extension */,
				5D9147121F9087E5003A9FCD /* Images */,
				5D9147111F9087DE003A9FCD /* Login */,
				5D9146E01F908478003A9FCD /* AppDelegate.swift */,
				5D9146E21F908478003A9FCD /* ViewController.swift */,
				5D9146E41F908478003A9FCD /* Main.storyboard */,
				5D9146EA1F908478003A9FCD /* Assets.xcassets */,
				5D9146EC1F908478003A9FCD /* LaunchScreen.storyboard */,
				5D9146EF1F908478003A9FCD /* Info.plist */,
				5D9146E71F908478003A9FCD /* MAlada.xcdatamodeld */,
			);
			path = MAlada;
			sourceTree = "<group>";
		};
		5D9146F71F908478003A9FCD /* MAladaTests */ = {
			isa = PBXGroup;
			children = (
				5D9146F81F908478003A9FCD /* MAladaTests.swift */,
				5D9146FA1F908478003A9FCD /* Info.plist */,
			);
			path = MAladaTests;
			sourceTree = "<group>";
		};
		5D9147021F908478003A9FCD /* MAladaUITests */ = {
			isa = PBXGroup;
			children = (
				5D9147031F908478003A9FCD /* MAladaUITests.swift */,
				5D9147051F908478003A9FCD /* Info.plist */,
			);
			path = MAladaUITests;
			sourceTree = "<group>";
		};
		5D9147111F9087DE003A9FCD /* Login */ = {
			isa = PBXGroup;
			children = (
				5D9147131F90880C003A9FCD /* LoginVC.swift */,
			);
			path = Login;
			sourceTree = "<group>";
		};
		5D9147121F9087E5003A9FCD /* Images */ = {
			isa = PBXGroup;
			children = (
				5D9147151F908830003A9FCD /* HomeVC.swift */,
				0F630CED1FBA09FD0003828C /* FeaturedImagesVC.swift */,
				0F630CF11FBA0E0C0003828C /* DeleteVC.swift */,
				0F630CF31FBA14340003828C /* InsertVC.swift */,
				0F250DC51FBB56470060F09D /* ImageVC.swift */,
			);
			path = Images;
			sourceTree = "<group>";
		};
		5D9147171F909225003A9FCD /* Extension */ = {
			isa = PBXGroup;
			children = (
				5D9147181F909233003A9FCD /* TextField.swift */,
			);
			path = Extension;
			sourceTree = "<group>";
		};
		5D9147191F9092C7003A9FCD /* Helper */ = {
			isa = PBXGroup;
			children = (
				5D9147261F909F40003A9FCD /* UIColor+KCSColor.swift */,
				5D9147281F909F49003A9FCD /* Validations.swift */,
				5D9147241F909EA9003A9FCD /* Constants.swift */,
				0F250DC71FBB596B0060F09D /* CommonMethod.swift */,
			);
			path = Helper;
			sourceTree = "<group>";
		};
		5D91471A1F9092D0003A9FCD /* Connection */ = {
			isa = PBXGroup;
			children = (
				5D9147221F909E59003A9FCD /* ConnectionHelper.swift */,
			);
			path = Connection;
			sourceTree = "<group>";
		};
		5D91471B1F9092D9003A9FCD /* DBHelper */ = {
			isa = PBXGroup;
			children = (
				5D9147201F909E27003A9FCD /* DBHelper.swift */,
			);
			path = DBHelper;
			sourceTree = "<group>";
		};
		5D91471D1F90933E003A9FCD /* Cell */ = {
			isa = PBXGroup;
			children = (
				5D91471E1F909367003A9FCD /* HomeCell.swift */,
				0F250DC21FBB48C90060F09D /* DeleteCell.swift */,
			);
			path = Cell;
			sourceTree = "<group>";
		};
		CCBAAFDBFD8EC8D214592A25 /* Pods */ = {
			isa = PBXGroup;
			children = (
				66E504EE176C6B224E641652 /* Pods-MAlada.debug.xcconfig */,
				F9DE3627367E82EAD0061B49 /* Pods-MAlada.release.xcconfig */,
				0A4E5BB71B7B62295F0A49AB /* Pods-MAladaTests.debug.xcconfig */,
				B05636966316E348DE822817 /* Pods-MAladaTests.release.xcconfig */,
				DE2DCA1A4D9D2701156F0E5A /* Pods-MAladaUITests.debug.xcconfig */,
				8B0C9D690EB74871ECB17EE2 /* Pods-MAladaUITests.release.xcconfig */,
			);
			name = Pods;
			sourceTree = "<group>";
		};
		DC38D3BCC59B3D200C83716C /* Frameworks */ = {
			isa = PBXGroup;
			children = (
				CD7F046F386E4B7C5FBBF326 /* Pods_MAlada.framework */,
				CA93A7ABB4DE9E898BCEDA84 /* Pods_MAladaTests.framework */,
				701C0C0D5524175E1DB75455 /* Pods_MAladaUITests.framework */,
			);
			name = Frameworks;
			sourceTree = "<group>";
		};
/* End PBXGroup section */

/* Begin PBXNativeTarget section */
		5D9146DC1F908478003A9FCD /* MAlada */ = {
			isa = PBXNativeTarget;
			buildConfigurationList = 5D9147081F908478003A9FCD /* Build configuration list for PBXNativeTarget "MAlada" */;
			buildPhases = (
				8262BCECB95A88CA34FB0E02 /* [CP] Check Pods Manifest.lock */,
				5D9146D91F908478003A9FCD /* Sources */,
				5D9146DA1F908478003A9FCD /* Frameworks */,
				5D9146DB1F908478003A9FCD /* Resources */,
				EBE6095DD59D6C63438E129D /* [CP] Embed Pods Frameworks */,
				895E45A6971D58A6810492DA /* [CP] Copy Pods Resources */,
				0F630CEC1FBA088A0003828C /* Embed Frameworks */,
			);
			buildRules = (
			);
			dependencies = (
				0F630CEB1FBA088A0003828C /* PBXTargetDependency */,
			);
			name = MAlada;
			productName = MAlada;
			productReference = 5D9146DD1F908478003A9FCD /* MAlada.app */;
			productType = "com.apple.product-type.application";
		};
		5D9146F31F908478003A9FCD /* MAladaTests */ = {
			isa = PBXNativeTarget;
			buildConfigurationList = 5D91470B1F908478003A9FCD /* Build configuration list for PBXNativeTarget "MAladaTests" */;
			buildPhases = (
				74CDCF1DA29DCC45D1B59BC4 /* [CP] Check Pods Manifest.lock */,
				5D9146F01F908478003A9FCD /* Sources */,
				5D9146F11F908478003A9FCD /* Frameworks */,
				5D9146F21F908478003A9FCD /* Resources */,
				604BA81CC0DD9F94705D807D /* [CP] Embed Pods Frameworks */,
				BFA70A8ECF90B1A0111D5A9A /* [CP] Copy Pods Resources */,
			);
			buildRules = (
			);
			dependencies = (
				5D9146F61F908478003A9FCD /* PBXTargetDependency */,
			);
			name = MAladaTests;
			productName = MAladaTests;
			productReference = 5D9146F41F908478003A9FCD /* MAladaTests.xctest */;
			productType = "com.apple.product-type.bundle.unit-test";
		};
		5D9146FE1F908478003A9FCD /* MAladaUITests */ = {
			isa = PBXNativeTarget;
			buildConfigurationList = 5D91470E1F908478003A9FCD /* Build configuration list for PBXNativeTarget "MAladaUITests" */;
			buildPhases = (
				E31F5B644FD831FA3569E8EB /* [CP] Check Pods Manifest.lock */,
				5D9146FB1F908478003A9FCD /* Sources */,
				5D9146FC1F908478003A9FCD /* Frameworks */,
				5D9146FD1F908478003A9FCD /* Resources */,
				5AB2CA8ED7B9C0D553B4B5F1 /* [CP] Embed Pods Frameworks */,
				6C390B94F5B085197C23E86B /* [CP] Copy Pods Resources */,
			);
			buildRules = (
			);
			dependencies = (
				5D9147011F908478003A9FCD /* PBXTargetDependency */,
			);
			name = MAladaUITests;
			productName = MAladaUITests;
			productReference = 5D9146FF1F908478003A9FCD /* MAladaUITests.xctest */;
			productType = "com.apple.product-type.bundle.ui-testing";
		};
/* End PBXNativeTarget section */

/* Begin PBXProject section */
		5D9146D51F908478003A9FCD /* Project object */ = {
			isa = PBXProject;
			attributes = {
				LastSwiftUpdateCheck = 0900;
				LastUpgradeCheck = 0900;
				ORGANIZATIONNAME = KTechnology;
				TargetAttributes = {
					5D9146DC1F908478003A9FCD = {
						CreatedOnToolsVersion = 9.0;
						ProvisioningStyle = Automatic;
					};
					5D9146F31F908478003A9FCD = {
						CreatedOnToolsVersion = 9.0;
						ProvisioningStyle = Automatic;
						TestTargetID = 5D9146DC1F908478003A9FCD;
					};
					5D9146FE1F908478003A9FCD = {
						CreatedOnToolsVersion = 9.0;
						ProvisioningStyle = Automatic;
						TestTargetID = 5D9146DC1F908478003A9FCD;
					};
				};
			};
			buildConfigurationList = 5D9146D81F908478003A9FCD /* Build configuration list for PBXProject "MAlada" */;
			compatibilityVersion = "Xcode 8.0";
			developmentRegion = en;
			hasScannedForEncodings = 0;
			knownRegions = (
				en,
				Base,
			);
			mainGroup = 5D9146D41F908478003A9FCD;
			productRefGroup = 5D9146DE1F908478003A9FCD /* Products */;
			projectDirPath = "";
			projectReferences = (
				{
					ProductGroup = 0F630CDC1FBA07EA0003828C /* Products */;
					ProjectRef = 0F630CDB1FBA07EA0003828C /* SideMenuController.xcodeproj */;
				},
			);
			projectRoot = "";
			targets = (
				5D9146DC1F908478003A9FCD /* MAlada */,
				5D9146F31F908478003A9FCD /* MAladaTests */,
				5D9146FE1F908478003A9FCD /* MAladaUITests */,
			);
		};
/* End PBXProject section */

/* Begin PBXReferenceProxy section */
		0F630CE11FBA07EA0003828C /* SideMenuController.framework */ = {
			isa = PBXReferenceProxy;
			fileType = wrapper.framework;
			path = SideMenuController.framework;
			remoteRef = 0F630CE01FBA07EA0003828C /* PBXContainerItemProxy */;
			sourceTree = BUILT_PRODUCTS_DIR;
		};
		0F630CE31FBA07EA0003828C /* SideMenuControllerTests.xctest */ = {
			isa = PBXReferenceProxy;
			fileType = wrapper.cfbundle;
			path = SideMenuControllerTests.xctest;
			remoteRef = 0F630CE21FBA07EA0003828C /* PBXContainerItemProxy */;
			sourceTree = BUILT_PRODUCTS_DIR;
		};
/* End PBXReferenceProxy section */

/* Begin PBXResourcesBuildPhase section */
		5D9146DB1F908478003A9FCD /* Resources */ = {
			isa = PBXResourcesBuildPhase;
			buildActionMask = 2147483647;
			files = (
				5D9146EE1F908478003A9FCD /* LaunchScreen.storyboard in Resources */,
				5D9146EB1F908478003A9FCD /* Assets.xcassets in Resources */,
				5D9146E61F908478003A9FCD /* Main.storyboard in Resources */,
			);
			runOnlyForDeploymentPostprocessing = 0;
		};
		5D9146F21F908478003A9FCD /* Resources */ = {
			isa = PBXResourcesBuildPhase;
			buildActionMask = 2147483647;
			files = (
			);
			runOnlyForDeploymentPostprocessing = 0;
		};
		5D9146FD1F908478003A9FCD /* Resources */ = {
			isa = PBXResourcesBuildPhase;
			buildActionMask = 2147483647;
			files = (
			);
			runOnlyForDeploymentPostprocessing = 0;
		};
/* End PBXResourcesBuildPhase section */

/* Begin PBXShellScriptBuildPhase section */
		5AB2CA8ED7B9C0D553B4B5F1 /* [CP] Embed Pods Frameworks */ = {
			isa = PBXShellScriptBuildPhase;
			buildActionMask = 2147483647;
			files = (
			);
			inputPaths = (
			);
			name = "[CP] Embed Pods Frameworks";
			outputPaths = (
			);
			runOnlyForDeploymentPostprocessing = 0;
			shellPath = /bin/sh;
			shellScript = "\"${SRCROOT}/Pods/Target Support Files/Pods-MAladaUITests/Pods-MAladaUITests-frameworks.sh\"\n";
			showEnvVarsInLog = 0;
		};
		604BA81CC0DD9F94705D807D /* [CP] Embed Pods Frameworks */ = {
			isa = PBXShellScriptBuildPhase;
			buildActionMask = 2147483647;
			files = (
			);
			inputPaths = (
			);
			name = "[CP] Embed Pods Frameworks";
			outputPaths = (
			);
			runOnlyForDeploymentPostprocessing = 0;
			shellPath = /bin/sh;
			shellScript = "\"${SRCROOT}/Pods/Target Support Files/Pods-MAladaTests/Pods-MAladaTests-frameworks.sh\"\n";
			showEnvVarsInLog = 0;
		};
		6C390B94F5B085197C23E86B /* [CP] Copy Pods Resources */ = {
			isa = PBXShellScriptBuildPhase;
			buildActionMask = 2147483647;
			files = (
			);
			inputPaths = (
			);
			name = "[CP] Copy Pods Resources";
			outputPaths = (
			);
			runOnlyForDeploymentPostprocessing = 0;
			shellPath = /bin/sh;
			shellScript = "\"${SRCROOT}/Pods/Target Support Files/Pods-MAladaUITests/Pods-MAladaUITests-resources.sh\"\n";
			showEnvVarsInLog = 0;
		};
		74CDCF1DA29DCC45D1B59BC4 /* [CP] Check Pods Manifest.lock */ = {
			isa = PBXShellScriptBuildPhase;
			buildActionMask = 2147483647;
			files = (
			);
			inputPaths = (
				"${PODS_PODFILE_DIR_PATH}/Podfile.lock",
				"${PODS_ROOT}/Manifest.lock",
			);
			name = "[CP] Check Pods Manifest.lock";
			outputPaths = (
				"$(DERIVED_FILE_DIR)/Pods-MAladaTests-checkManifestLockResult.txt",
			);
			runOnlyForDeploymentPostprocessing = 0;
			shellPath = /bin/sh;
			shellScript = "diff \"${PODS_PODFILE_DIR_PATH}/Podfile.lock\" \"${PODS_ROOT}/Manifest.lock\" > /dev/null\nif [ $? != 0 ] ; then\n    # print error to STDERR\n    echo \"error: The sandbox is not in sync with the Podfile.lock. Run 'pod install' or update your CocoaPods installation.\" >&2\n    exit 1\nfi\n# This output is used by Xcode 'outputs' to avoid re-running this script phase.\necho \"SUCCESS\" > \"${SCRIPT_OUTPUT_FILE_0}\"\n";
			showEnvVarsInLog = 0;
		};
		8262BCECB95A88CA34FB0E02 /* [CP] Check Pods Manifest.lock */ = {
			isa = PBXShellScriptBuildPhase;
			buildActionMask = 2147483647;
			files = (
			);
			inputPaths = (
				"${PODS_PODFILE_DIR_PATH}/Podfile.lock",
				"${PODS_ROOT}/Manifest.lock",
			);
			name = "[CP] Check Pods Manifest.lock";
			outputPaths = (
				"$(DERIVED_FILE_DIR)/Pods-MAlada-checkManifestLockResult.txt",
			);
			runOnlyForDeploymentPostprocessing = 0;
			shellPath = /bin/sh;
			shellScript = "diff \"${PODS_PODFILE_DIR_PATH}/Podfile.lock\" \"${PODS_ROOT}/Manifest.lock\" > /dev/null\nif [ $? != 0 ] ; then\n    # print error to STDERR\n    echo \"error: The sandbox is not in sync with the Podfile.lock. Run 'pod install' or update your CocoaPods installation.\" >&2\n    exit 1\nfi\n# This output is used by Xcode 'outputs' to avoid re-running this script phase.\necho \"SUCCESS\" > \"${SCRIPT_OUTPUT_FILE_0}\"\n";
			showEnvVarsInLog = 0;
		};
		895E45A6971D58A6810492DA /* [CP] Copy Pods Resources */ = {
			isa = PBXShellScriptBuildPhase;
			buildActionMask = 2147483647;
			files = (
			);
			inputPaths = (
			);
			name = "[CP] Copy Pods Resources";
			outputPaths = (
			);
			runOnlyForDeploymentPostprocessing = 0;
			shellPath = /bin/sh;
			shellScript = "\"${SRCROOT}/Pods/Target Support Files/Pods-MAlada/Pods-MAlada-resources.sh\"\n";
			showEnvVarsInLog = 0;
		};
		BFA70A8ECF90B1A0111D5A9A /* [CP] Copy Pods Resources */ = {
			isa = PBXShellScriptBuildPhase;
			buildActionMask = 2147483647;
			files = (
			);
			inputPaths = (
			);
			name = "[CP] Copy Pods Resources";
			outputPaths = (
			);
			runOnlyForDeploymentPostprocessing = 0;
			shellPath = /bin/sh;
			shellScript = "\"${SRCROOT}/Pods/Target Support Files/Pods-MAladaTests/Pods-MAladaTests-resources.sh\"\n";
			showEnvVarsInLog = 0;
		};
		E31F5B644FD831FA3569E8EB /* [CP] Check Pods Manifest.lock */ = {
			isa = PBXShellScriptBuildPhase;
			buildActionMask = 2147483647;
			files = (
			);
			inputPaths = (
				"${PODS_PODFILE_DIR_PATH}/Podfile.lock",
				"${PODS_ROOT}/Manifest.lock",
			);
			name = "[CP] Check Pods Manifest.lock";
			outputPaths = (
				"$(DERIVED_FILE_DIR)/Pods-MAladaUITests-checkManifestLockResult.txt",
			);
			runOnlyForDeploymentPostprocessing = 0;
			shellPath = /bin/sh;
			shellScript = "diff \"${PODS_PODFILE_DIR_PATH}/Podfile.lock\" \"${PODS_ROOT}/Manifest.lock\" > /dev/null\nif [ $? != 0 ] ; then\n    # print error to STDERR\n    echo \"error: The sandbox is not in sync with the Podfile.lock. Run 'pod install' or update your CocoaPods installation.\" >&2\n    exit 1\nfi\n# This output is used by Xcode 'outputs' to avoid re-running this script phase.\necho \"SUCCESS\" > \"${SCRIPT_OUTPUT_FILE_0}\"\n";
			showEnvVarsInLog = 0;
		};
		EBE6095DD59D6C63438E129D /* [CP] Embed Pods Frameworks */ = {
			isa = PBXShellScriptBuildPhase;
			buildActionMask = 2147483647;
			files = (
			);
			inputPaths = (
				"${SRCROOT}/Pods/Target Support Files/Pods-MAlada/Pods-MAlada-frameworks.sh",
				"${BUILT_PRODUCTS_DIR}/ReachabilitySwift/ReachabilitySwift.framework",
			);
			name = "[CP] Embed Pods Frameworks";
			outputPaths = (
				"${TARGET_BUILD_DIR}/${FRAMEWORKS_FOLDER_PATH}/ReachabilitySwift.framework",
			);
			runOnlyForDeploymentPostprocessing = 0;
			shellPath = /bin/sh;
			shellScript = "\"${SRCROOT}/Pods/Target Support Files/Pods-MAlada/Pods-MAlada-frameworks.sh\"\n";
			showEnvVarsInLog = 0;
		};
/* End PBXShellScriptBuildPhase section */

/* Begin PBXSourcesBuildPhase section */
		5D9146D91F908478003A9FCD /* Sources */ = {
			isa = PBXSourcesBuildPhase;
			buildActionMask = 2147483647;
			files = (
				5D9146E31F908478003A9FCD /* ViewController.swift in Sources */,
				0F630CEE1FBA09FD0003828C /* FeaturedImagesVC.swift in Sources */,
				0F250DC61FBB56470060F09D /* ImageVC.swift in Sources */,
				5D9147231F909E59003A9FCD /* ConnectionHelper.swift in Sources */,
				5D9147161F908830003A9FCD /* HomeVC.swift in Sources */,
				5D9146E11F908478003A9FCD /* AppDelegate.swift in Sources */,
				0F630CF41FBA14340003828C /* InsertVC.swift in Sources */,
				0F630CF01FBA0A340003828C /* MenuVC.swift in Sources */,
				0F630CE61FBA082A0003828C /* CustomSideMenuController.swift in Sources */,
				5D9147211F909E27003A9FCD /* DBHelper.swift in Sources */,
				5D9147141F90880C003A9FCD /* LoginVC.swift in Sources */,
				0F630CF61FBA191D0003828C /* FeaturedImages.swift in Sources */,
				0F630CD91FB9F9A00003828C /* Photo.swift in Sources */,
				5D91471F1F909367003A9FCD /* HomeCell.swift in Sources */,
				5D9147271F909F40003A9FCD /* UIColor+KCSColor.swift in Sources */,
				0F250DC81FBB596B0060F09D /* CommonMethod.swift in Sources */,
				0F250DC31FBB48C90060F09D /* DeleteCell.swift in Sources */,
				0F630CD71FB9F18A0003828C /* User.swift in Sources */,
				5D9146E91F908478003A9FCD /* MAlada.xcdatamodeld in Sources */,
				5D9147291F909F49003A9FCD /* Validations.swift in Sources */,
				0F630CF21FBA0E0C0003828C /* DeleteVC.swift in Sources */,
				5D9147251F909EA9003A9FCD /* Constants.swift in Sources */,
			);
			runOnlyForDeploymentPostprocessing = 0;
		};
		5D9146F01F908478003A9FCD /* Sources */ = {
			isa = PBXSourcesBuildPhase;
			buildActionMask = 2147483647;
			files = (
				5D9146F91F908478003A9FCD /* MAladaTests.swift in Sources */,
			);
			runOnlyForDeploymentPostprocessing = 0;
		};
		5D9146FB1F908478003A9FCD /* Sources */ = {
			isa = PBXSourcesBuildPhase;
			buildActionMask = 2147483647;
			files = (
				5D9147041F908478003A9FCD /* MAladaUITests.swift in Sources */,
			);
			runOnlyForDeploymentPostprocessing = 0;
		};
/* End PBXSourcesBuildPhase section */

/* Begin PBXTargetDependency section */
		0F630CEB1FBA088A0003828C /* PBXTargetDependency */ = {
			isa = PBXTargetDependency;
			name = SideMenuController;
			targetProxy = 0F630CEA1FBA088A0003828C /* PBXContainerItemProxy */;
		};
		5D9146F61F908478003A9FCD /* PBXTargetDependency */ = {
			isa = PBXTargetDependency;
			target = 5D9146DC1F908478003A9FCD /* MAlada */;
			targetProxy = 5D9146F51F908478003A9FCD /* PBXContainerItemProxy */;
		};
		5D9147011F908478003A9FCD /* PBXTargetDependency */ = {
			isa = PBXTargetDependency;
			target = 5D9146DC1F908478003A9FCD /* MAlada */;
			targetProxy = 5D9147001F908478003A9FCD /* PBXContainerItemProxy */;
		};
/* End PBXTargetDependency section */

/* Begin PBXVariantGroup section */
		5D9146E41F908478003A9FCD /* Main.storyboard */ = {
			isa = PBXVariantGroup;
			children = (
				5D9146E51F908478003A9FCD /* Base */,
			);
			name = Main.storyboard;
			sourceTree = "<group>";
		};
		5D9146EC1F908478003A9FCD /* LaunchScreen.storyboard */ = {
			isa = PBXVariantGroup;
			children = (
				5D9146ED1F908478003A9FCD /* Base */,
			);
			name = LaunchScreen.storyboard;
			sourceTree = "<group>";
		};
/* End PBXVariantGroup section */

/* Begin XCBuildConfiguration section */
		5D9147061F908478003A9FCD /* Debug */ = {
			isa = XCBuildConfiguration;
			buildSettings = {
				ALWAYS_SEARCH_USER_PATHS = NO;
				CLANG_ANALYZER_NONNULL = YES;
				CLANG_ANALYZER_NUMBER_OBJECT_CONVERSION = YES_AGGRESSIVE;
				CLANG_CXX_LANGUAGE_STANDARD = "gnu++14";
				CLANG_CXX_LIBRARY = "libc++";
				CLANG_ENABLE_MODULES = YES;
				CLANG_ENABLE_OBJC_ARC = YES;
				CLANG_WARN_BLOCK_CAPTURE_AUTORELEASING = YES;
				CLANG_WARN_BOOL_CONVERSION = YES;
				CLANG_WARN_COMMA = YES;
				CLANG_WARN_CONSTANT_CONVERSION = YES;
				CLANG_WARN_DIRECT_OBJC_ISA_USAGE = YES_ERROR;
				CLANG_WARN_DOCUMENTATION_COMMENTS = YES;
				CLANG_WARN_EMPTY_BODY = YES;
				CLANG_WARN_ENUM_CONVERSION = YES;
				CLANG_WARN_INFINITE_RECURSION = YES;
				CLANG_WARN_INT_CONVERSION = YES;
				CLANG_WARN_NON_LITERAL_NULL_CONVERSION = YES;
				CLANG_WARN_OBJC_LITERAL_CONVERSION = YES;
				CLANG_WARN_OBJC_ROOT_CLASS = YES_ERROR;
				CLANG_WARN_RANGE_LOOP_ANALYSIS = YES;
				CLANG_WARN_STRICT_PROTOTYPES = YES;
				CLANG_WARN_SUSPICIOUS_MOVE = YES;
				CLANG_WARN_UNGUARDED_AVAILABILITY = YES_AGGRESSIVE;
				CLANG_WARN_UNREACHABLE_CODE = YES;
				CLANG_WARN__DUPLICATE_METHOD_MATCH = YES;
				CODE_SIGN_IDENTITY = "iPhone Developer";
				COPY_PHASE_STRIP = NO;
				DEBUG_INFORMATION_FORMAT = dwarf;
				ENABLE_STRICT_OBJC_MSGSEND = YES;
				ENABLE_TESTABILITY = YES;
				GCC_C_LANGUAGE_STANDARD = gnu11;
				GCC_DYNAMIC_NO_PIC = NO;
				GCC_NO_COMMON_BLOCKS = YES;
				GCC_OPTIMIZATION_LEVEL = 0;
				GCC_PREPROCESSOR_DEFINITIONS = (
					"DEBUG=1",
					"$(inherited)",
				);
				GCC_WARN_64_TO_32_BIT_CONVERSION = YES;
				GCC_WARN_ABOUT_RETURN_TYPE = YES_ERROR;
				GCC_WARN_UNDECLARED_SELECTOR = YES;
				GCC_WARN_UNINITIALIZED_AUTOS = YES_AGGRESSIVE;
				GCC_WARN_UNUSED_FUNCTION = YES;
				GCC_WARN_UNUSED_VARIABLE = YES;
				IPHONEOS_DEPLOYMENT_TARGET = 10.0;
				MTL_ENABLE_DEBUG_INFO = YES;
				ONLY_ACTIVE_ARCH = YES;
				SDKROOT = iphoneos;
				SWIFT_ACTIVE_COMPILATION_CONDITIONS = DEBUG;
				SWIFT_OPTIMIZATION_LEVEL = "-Onone";
			};
			name = Debug;
		};
		5D9147071F908478003A9FCD /* Release */ = {
			isa = XCBuildConfiguration;
			buildSettings = {
				ALWAYS_SEARCH_USER_PATHS = NO;
				CLANG_ANALYZER_NONNULL = YES;
				CLANG_ANALYZER_NUMBER_OBJECT_CONVERSION = YES_AGGRESSIVE;
				CLANG_CXX_LANGUAGE_STANDARD = "gnu++14";
				CLANG_CXX_LIBRARY = "libc++";
				CLANG_ENABLE_MODULES = YES;
				CLANG_ENABLE_OBJC_ARC = YES;
				CLANG_WARN_BLOCK_CAPTURE_AUTORELEASING = YES;
				CLANG_WARN_BOOL_CONVERSION = YES;
				CLANG_WARN_COMMA = YES;
				CLANG_WARN_CONSTANT_CONVERSION = YES;
				CLANG_WARN_DIRECT_OBJC_ISA_USAGE = YES_ERROR;
				CLANG_WARN_DOCUMENTATION_COMMENTS = YES;
				CLANG_WARN_EMPTY_BODY = YES;
				CLANG_WARN_ENUM_CONVERSION = YES;
				CLANG_WARN_INFINITE_RECURSION = YES;
				CLANG_WARN_INT_CONVERSION = YES;
				CLANG_WARN_NON_LITERAL_NULL_CONVERSION = YES;
				CLANG_WARN_OBJC_LITERAL_CONVERSION = YES;
				CLANG_WARN_OBJC_ROOT_CLASS = YES_ERROR;
				CLANG_WARN_RANGE_LOOP_ANALYSIS = YES;
				CLANG_WARN_STRICT_PROTOTYPES = YES;
				CLANG_WARN_SUSPICIOUS_MOVE = YES;
				CLANG_WARN_UNGUARDED_AVAILABILITY = YES_AGGRESSIVE;
				CLANG_WARN_UNREACHABLE_CODE = YES;
				CLANG_WARN__DUPLICATE_METHOD_MATCH = YES;
				CODE_SIGN_IDENTITY = "iPhone Developer";
				COPY_PHASE_STRIP = NO;
				DEBUG_INFORMATION_FORMAT = "dwarf-with-dsym";
				ENABLE_NS_ASSERTIONS = NO;
				ENABLE_STRICT_OBJC_MSGSEND = YES;
				GCC_C_LANGUAGE_STANDARD = gnu11;
				GCC_NO_COMMON_BLOCKS = YES;
				GCC_WARN_64_TO_32_BIT_CONVERSION = YES;
				GCC_WARN_ABOUT_RETURN_TYPE = YES_ERROR;
				GCC_WARN_UNDECLARED_SELECTOR = YES;
				GCC_WARN_UNINITIALIZED_AUTOS = YES_AGGRESSIVE;
				GCC_WARN_UNUSED_FUNCTION = YES;
				GCC_WARN_UNUSED_VARIABLE = YES;
				IPHONEOS_DEPLOYMENT_TARGET = 10.0;
				MTL_ENABLE_DEBUG_INFO = NO;
				SDKROOT = iphoneos;
				SWIFT_OPTIMIZATION_LEVEL = "-Owholemodule";
				VALIDATE_PRODUCT = YES;
			};
			name = Release;
		};
		5D9147091F908478003A9FCD /* Debug */ = {
			isa = XCBuildConfiguration;
			baseConfigurationReference = 66E504EE176C6B224E641652 /* Pods-MAlada.debug.xcconfig */;
			buildSettings = {
				ALWAYS_EMBED_SWIFT_STANDARD_LIBRARIES = YES;
				ASSETCATALOG_COMPILER_APPICON_NAME = AppIcon;
				CODE_SIGN_STYLE = Automatic;
				DEVELOPMENT_TEAM = 6RYRJW337K;
				INFOPLIST_FILE = MAlada/Info.plist;
				IPHONEOS_DEPLOYMENT_TARGET = 10.0;
				LD_RUNPATH_SEARCH_PATHS = "$(inherited) @executable_path/Frameworks";
				PRODUCT_BUNDLE_IDENTIFIER = com.ena.alada;
				PRODUCT_NAME = "$(TARGET_NAME)";
				SWIFT_VERSION = 4.0;
				TARGETED_DEVICE_FAMILY = "1,2";
			};
			name = Debug;
		};
		5D91470A1F908478003A9FCD /* Release */ = {
			isa = XCBuildConfiguration;
			baseConfigurationReference = F9DE3627367E82EAD0061B49 /* Pods-MAlada.release.xcconfig */;
			buildSettings = {
				ALWAYS_EMBED_SWIFT_STANDARD_LIBRARIES = YES;
				ASSETCATALOG_COMPILER_APPICON_NAME = AppIcon;
				CODE_SIGN_STYLE = Automatic;
				DEVELOPMENT_TEAM = 6RYRJW337K;
				INFOPLIST_FILE = MAlada/Info.plist;
				IPHONEOS_DEPLOYMENT_TARGET = 10.0;
				LD_RUNPATH_SEARCH_PATHS = "$(inherited) @executable_path/Frameworks";
				PRODUCT_BUNDLE_IDENTIFIER = com.ena.alada;
				PRODUCT_NAME = "$(TARGET_NAME)";
				SWIFT_VERSION = 4.0;
				TARGETED_DEVICE_FAMILY = "1,2";
			};
			name = Release;
		};
		5D91470C1F908478003A9FCD /* Debug */ = {
			isa = XCBuildConfiguration;
			baseConfigurationReference = 0A4E5BB71B7B62295F0A49AB /* Pods-MAladaTests.debug.xcconfig */;
			buildSettings = {
				ALWAYS_EMBED_SWIFT_STANDARD_LIBRARIES = YES;
				BUNDLE_LOADER = "$(TEST_HOST)";
				CODE_SIGN_STYLE = Automatic;
				INFOPLIST_FILE = MAladaTests/Info.plist;
				LD_RUNPATH_SEARCH_PATHS = "$(inherited) @executable_path/Frameworks @loader_path/Frameworks";
				PRODUCT_BUNDLE_IDENTIFIER = com.KTech.MAladaTests;
				PRODUCT_NAME = "$(TARGET_NAME)";
				SWIFT_VERSION = 4.0;
				TARGETED_DEVICE_FAMILY = "1,2";
				TEST_HOST = "$(BUILT_PRODUCTS_DIR)/MAlada.app/MAlada";
			};
			name = Debug;
		};
		5D91470D1F908478003A9FCD /* Release */ = {
			isa = XCBuildConfiguration;
			baseConfigurationReference = B05636966316E348DE822817 /* Pods-MAladaTests.release.xcconfig */;
			buildSettings = {
				ALWAYS_EMBED_SWIFT_STANDARD_LIBRARIES = YES;
				BUNDLE_LOADER = "$(TEST_HOST)";
				CODE_SIGN_STYLE = Automatic;
				INFOPLIST_FILE = MAladaTests/Info.plist;
				LD_RUNPATH_SEARCH_PATHS = "$(inherited) @executable_path/Frameworks @loader_path/Frameworks";
				PRODUCT_BUNDLE_IDENTIFIER = com.KTech.MAladaTests;
				PRODUCT_NAME = "$(TARGET_NAME)";
				SWIFT_VERSION = 4.0;
				TARGETED_DEVICE_FAMILY = "1,2";
				TEST_HOST = "$(BUILT_PRODUCTS_DIR)/MAlada.app/MAlada";
			};
			name = Release;
		};
		5D91470F1F908478003A9FCD /* Debug */ = {
			isa = XCBuildConfiguration;
			baseConfigurationReference = DE2DCA1A4D9D2701156F0E5A /* Pods-MAladaUITests.debug.xcconfig */;
			buildSettings = {
				ALWAYS_EMBED_SWIFT_STANDARD_LIBRARIES = YES;
				CODE_SIGN_STYLE = Automatic;
				INFOPLIST_FILE = MAladaUITests/Info.plist;
				LD_RUNPATH_SEARCH_PATHS = "$(inherited) @executable_path/Frameworks @loader_path/Frameworks";
				PRODUCT_BUNDLE_IDENTIFIER = com.KTech.MAladaUITests;
				PRODUCT_NAME = "$(TARGET_NAME)";
				SWIFT_VERSION = 4.0;
				TARGETED_DEVICE_FAMILY = "1,2";
				TEST_TARGET_NAME = MAlada;
			};
			name = Debug;
		};
		5D9147101F908478003A9FCD /* Release */ = {
			isa = XCBuildConfiguration;
			baseConfigurationReference = 8B0C9D690EB74871ECB17EE2 /* Pods-MAladaUITests.release.xcconfig */;
			buildSettings = {
				ALWAYS_EMBED_SWIFT_STANDARD_LIBRARIES = YES;
				CODE_SIGN_STYLE = Automatic;
				INFOPLIST_FILE = MAladaUITests/Info.plist;
				LD_RUNPATH_SEARCH_PATHS = "$(inherited) @executable_path/Frameworks @loader_path/Frameworks";
				PRODUCT_BUNDLE_IDENTIFIER = com.KTech.MAladaUITests;
				PRODUCT_NAME = "$(TARGET_NAME)";
				SWIFT_VERSION = 4.0;
				TARGETED_DEVICE_FAMILY = "1,2";
				TEST_TARGET_NAME = MAlada;
			};
			name = Release;
		};
/* End XCBuildConfiguration section */

/* Begin XCConfigurationList section */
		5D9146D81F908478003A9FCD /* Build configuration list for PBXProject "MAlada" */ = {
			isa = XCConfigurationList;
			buildConfigurations = (
				5D9147061F908478003A9FCD /* Debug */,
				5D9147071F908478003A9FCD /* Release */,
			);
			defaultConfigurationIsVisible = 0;
			defaultConfigurationName = Release;
		};
		5D9147081F908478003A9FCD /* Build configuration list for PBXNativeTarget "MAlada" */ = {
			isa = XCConfigurationList;
			buildConfigurations = (
				5D9147091F908478003A9FCD /* Debug */,
				5D91470A1F908478003A9FCD /* Release */,
			);
			defaultConfigurationIsVisible = 0;
			defaultConfigurationName = Release;
		};
		5D91470B1F908478003A9FCD /* Build configuration list for PBXNativeTarget "MAladaTests" */ = {
			isa = XCConfigurationList;
			buildConfigurations = (
				5D91470C1F908478003A9FCD /* Debug */,
				5D91470D1F908478003A9FCD /* Release */,
			);
			defaultConfigurationIsVisible = 0;
			defaultConfigurationName = Release;
		};
		5D91470E1F908478003A9FCD /* Build configuration list for PBXNativeTarget "MAladaUITests" */ = {
			isa = XCConfigurationList;
			buildConfigurations = (
				5D91470F1F908478003A9FCD /* Debug */,
				5D9147101F908478003A9FCD /* Release */,
			);
			defaultConfigurationIsVisible = 0;
			defaultConfigurationName = Release;
		};
/* End XCConfigurationList section */

/* Begin XCVersionGroup section */
		5D9146E71F908478003A9FCD /* MAlada.xcdatamodeld */ = {
			isa = XCVersionGroup;
			children = (
				5D9146E81F908478003A9FCD /* MAlada.xcdatamodel */,
			);
			currentVersion = 5D9146E81F908478003A9FCD /* MAlada.xcdatamodel */;
			path = MAlada.xcdatamodeld;
			sourceTree = "<group>";
			versionGroupType = wrapper.xcdatamodel;
		};
/* End XCVersionGroup section */
	};
	rootObject = 5D9146D51F908478003A9FCD /* Project object */;
}
